# This file is automatically @generated by Cargo.
# It is not intended for manual editing.
version = 4

[[package]]
name = "pi-agent-core"
version = "0.1.0"
dependencies = [
 "pi-ai",
]

[[package]]
name = "pi-ai"
version = "0.1.0"

[[package]]
name = "pi-coding-agent"
version = "0.1.0"
dependencies = [
 "pi-agent-core",
 "pi-ai",
 "pi-tui",
]

[[package]]
name = "pi-tui"
version = "0.1.0"
